
Microsoft Visual Studio Solution File, Format Version 12.00
# Visual Studio 2012
Project("{FAE04EC0-301F-11D3-BF4B-00C04F79EFBC}") = "WebChef", "WebChef\WebChef.csproj", "{868EE611-5578-4A4D-A5A5-44261940222C}"
EndProject
Project("{FAE04EC0-301F-11D3-BF4B-00C04F79EFBC}") = "WebChef.Tests", "WebChef.Tests\WebChef.Tests.csproj", "{08A4076D-3172-4E82-9026-7F9DC3C00DA5}"
EndProject
Global
	GlobalSection(SolutionConfigurationPlatforms) = preSolution
		Debug|Any CPU = Debug|Any CPU
		Release|Any CPU = Release|Any CPU
	EndGlobalSection
	GlobalSection(ProjectConfigurationPlatforms) = postSolution
		{868EE611-5578-4A4D-A5A5-44261940222C}.Debug|Any CPU.ActiveCfg = Debug|Any CPU
		{868EE611-5578-4A4D-A5A5-44261940222C}.Debug|Any CPU.Build.0 = Debug|Any CPU
		{868EE611-5578-4A4D-A5A5-44261940222C}.Release|Any CPU.ActiveCfg = Release|Any CPU
		{868EE611-5578-4A4D-A5A5-44261940222C}.Release|Any CPU.Build.0 = Release|Any CPU
		{08A4076D-3172-4E82-9026-7F9DC3C00DA5}.Debug|Any CPU.ActiveCfg = Debug|Any CPU
		{08A4076D-3172-4E82-9026-7F9DC3C00DA5}.Debug|Any CPU.Build.0 = Debug|Any CPU
		{08A4076D-3172-4E82-9026-7F9DC3C00DA5}.Release|Any CPU.ActiveCfg = Release|Any CPU
		{08A4076D-3172-4E82-9026-7F9DC3C00DA5}.Release|Any CPU.Build.0 = Release|Any CPU
	EndGlobalSection
	GlobalSection(SolutionProperties) = preSolution
		HideSolutionNode = FALSE
	EndGlobalSection
EndGlobal
